
Microsoft Visual Studio Solution File, Format Version 12.00
# Visual Studio Version 16
VisualStudioVersion = 16.0.29728.190
MinimumVisualStudioVersion = 10.0.40219.1
Project("{FAE04EC0-301F-11D3-BF4B-00C04F79EFBC}") = "ODataTest", "ODataTest.csproj", "{B62430F4-0788-4770-9842-2F800ACB8BF0}"
EndProject
Global
	GlobalSection(SolutionConfigurationPlatforms) = preSolution
		Debug|Any CPU = Debug|Any CPU
		Release|Any CPU = Release|Any CPU
	EndGlobalSection
	GlobalSection(ProjectConfigurationPlatforms) = postSolution
		{B62430F4-0788-4770-9842-2F800ACB8BF0}.Debug|Any CPU.ActiveCfg = Debug|Any CPU
		{B62430F4-0788-4770-9842-2F800ACB8BF0}.Debug|Any CPU.Build.0 = Debug|Any CPU
		{B62430F4-0788-4770-9842-2F800ACB8BF0}.Release|Any CPU.ActiveCfg = Release|Any CPU
		{B62430F4-0788-4770-9842-2F800ACB8BF0}.Release|Any CPU.Build.0 = Release|Any CPU
	EndGlobalSection
	GlobalSection(SolutionProperties) = preSolution
		HideSolutionNode = FALSE
	EndGlobalSection
	GlobalSection(ExtensibilityGlobals) = postSolution
		SolutionGuid = {28C875B2-A133-42CA-8F0D-1AA5E376D07D}
	EndGlobalSection
EndGlobal
